{
  "object": {
    "pins": [
      {
        "package": "Alamofire",
        "repositoryURL": "https://github.com/Alamofire/Alamofire",
        "state": {
          "branch": null,
          "revision": "eaf6e622dd41b07b251d8f01752eab31bc811493",
          "version": "5.4.1"
        }
      },
      {
        "package": "KeyboardShortcuts",
        "repositoryURL": "https://github.com/sindresorhus/KeyboardShortcuts",
        "state": {
          "branch": null,
          "revision": "6d0efcd1fbe00b15dfcb8a751c84ed291edf27aa",
          "version": "0.6.1"
        }
      },
      {
        "package": "LaunchAtLogin",
        "repositoryURL": "https://github.com/sindresorhus/LaunchAtLogin",
        "state": {
          "branch": null,
          "revision": "0f39982b9d6993eef253b81219d3c39ba1e680f3",
          "version": "4.0.0"
        }
      },
      {
        "package": "Preferences",
        "repositoryURL": "https://github.com/sindresorhus/Preferences",
        "state": {
          "branch": null,
          "revision": "4802a493acef50c814e4eb63e9a44e0941ec8883",
          "version": "2.2.0"
        }
      },
      {
        "package": "Sparkle",
        "repositoryURL": "https://github.com/sparkle-project/Sparkle",
        "state": {
          "branch": "master",
          "revision": "0b682d3349ddb51a4c42153eaae94e937be5935a",
          "version": null
        }
      }
    ]
  },
  "version": 1
}
