// !$*UTF8*$!
{
	archiveVersion = 1;
	classes = {
	};
	objectVersion = 52;
	objects = {

/* Begin PBXBuildFile section */
		E233838025BE326200902F38 /* Alamofire in Frameworks */ = {isa = PBXBuildFile; productRef = E233837F25BE326200902F38 /* Alamofire */; };
		E275D2B325BFA63E00320CA5 /* MacEditorTextView.swift in Sources */ = {isa = PBXBuildFile; fileRef = E275D2B225BFA63E00320CA5 /* MacEditorTextView.swift */; };
		E2AEB10B25BDF413003BD251 /* AppDelegate.swift in Sources */ = {isa = PBXBuildFile; fileRef = E2AEB10A25BDF413003BD251 /* AppDelegate.swift */; };
		E2AEB10F25BDF413003BD251 /* Assets.xcassets in Resources */ = {isa = PBXBuildFile; fileRef = E2AEB10E25BDF413003BD251 /* Assets.xcassets */; };
		E2AEB11225BDF413003BD251 /* Preview Assets.xcassets in Resources */ = {isa = PBXBuildFile; fileRef = E2AEB11125BDF413003BD251 /* Preview Assets.xcassets */; };
		E2AEB11525BDF413003BD251 /* Main.storyboard in Resources */ = {isa = PBXBuildFile; fileRef = E2AEB11325BDF413003BD251 /* Main.storyboard */; };
		E2AEB12125BDF413003BD251 /* HorizonTests.swift in Sources */ = {isa = PBXBuildFile; fileRef = E2AEB12025BDF413003BD251 /* HorizonTests.swift */; };
		E2AEB12C25BDF413003BD251 /* HorizonUITests.swift in Sources */ = {isa = PBXBuildFile; fileRef = E2AEB12B25BDF413003BD251 /* HorizonUITests.swift */; };
		E2AEB13E25BDF438003BD251 /* KeyboardShortcuts in Frameworks */ = {isa = PBXBuildFile; productRef = E2AEB13D25BDF438003BD251 /* KeyboardShortcuts */; };
		E2AEB14425BDF43F003BD251 /* LaunchAtLogin in Frameworks */ = {isa = PBXBuildFile; productRef = E2AEB14325BDF43F003BD251 /* LaunchAtLogin */; };
		E2AEB14A25BDF446003BD251 /* Preferences in Frameworks */ = {isa = PBXBuildFile; productRef = E2AEB14925BDF446003BD251 /* Preferences */; };
		E2AEB15725BDF4A7003BD251 /* Entry.swift in Sources */ = {isa = PBXBuildFile; fileRef = E2AEB15225BDF4A7003BD251 /* Entry.swift */; };
		E2AEB15825BDF4A7003BD251 /* File.swift in Sources */ = {isa = PBXBuildFile; fileRef = E2AEB15325BDF4A7003BD251 /* File.swift */; };
		E2AEB15925BDF4A7003BD251 /* User.swift in Sources */ = {isa = PBXBuildFile; fileRef = E2AEB15425BDF4A7003BD251 /* User.swift */; };
		E2AEB15A25BDF4A7003BD251 /* AuthUser.swift in Sources */ = {isa = PBXBuildFile; fileRef = E2AEB15525BDF4A7003BD251 /* AuthUser.swift */; };
		E2AEB15B25BDF4A7003BD251 /* Journal.swift in Sources */ = {isa = PBXBuildFile; fileRef = E2AEB15625BDF4A7003BD251 /* Journal.swift */; };
		E2AEB16225BDF4D7003BD251 /* Futureland.swift in Sources */ = {isa = PBXBuildFile; fileRef = E2AEB16025BDF4D6003BD251 /* Futureland.swift */; };
		E2AEB16B25BDF4F7003BD251 /* PrefsViewModel.swift in Sources */ = {isa = PBXBuildFile; fileRef = E2AEB16825BDF4F7003BD251 /* PrefsViewModel.swift */; };
		E2AEB16C25BDF4F7003BD251 /* AccountPrefsView.swift in Sources */ = {isa = PBXBuildFile; fileRef = E2AEB16925BDF4F7003BD251 /* AccountPrefsView.swift */; };
		E2AEB16D25BDF4F7003BD251 /* GeneralPrefsView.swift in Sources */ = {isa = PBXBuildFile; fileRef = E2AEB16A25BDF4F7003BD251 /* GeneralPrefsView.swift */; };
		E2AEB17525BDF52F003BD251 /* PublishView.swift in Sources */ = {isa = PBXBuildFile; fileRef = E2AEB17225BDF52F003BD251 /* PublishView.swift */; };
		E2AEB17625BDF52F003BD251 /* PublishViewModel.swift in Sources */ = {isa = PBXBuildFile; fileRef = E2AEB17325BDF52F003BD251 /* PublishViewModel.swift */; };
		E2AEB17725BDF52F003BD251 /* PublishPanel.swift in Sources */ = {isa = PBXBuildFile; fileRef = E2AEB17425BDF52F003BD251 /* PublishPanel.swift */; };
		E2AEB17E25BDF537003BD251 /* StatusBarMenu.swift in Sources */ = {isa = PBXBuildFile; fileRef = E2AEB17C25BDF537003BD251 /* StatusBarMenu.swift */; };
		E2AEB17F25BDF537003BD251 /* StatusBarMenuItem.swift in Sources */ = {isa = PBXBuildFile; fileRef = E2AEB17D25BDF537003BD251 /* StatusBarMenuItem.swift */; };
/* End PBXBuildFile section */

/* Begin PBXContainerItemProxy section */
		E2AEB11D25BDF413003BD251 /* PBXContainerItemProxy */ = {
			isa = PBXContainerItemProxy;
			containerPortal = E2AEB0FF25BDF412003BD251 /* Project object */;
			proxyType = 1;
			remoteGlobalIDString = E2AEB10625BDF413003BD251;
			remoteInfo = Horizon;
		};
		E2AEB12825BDF413003BD251 /* PBXContainerItemProxy */ = {
			isa = PBXContainerItemProxy;
			containerPortal = E2AEB0FF25BDF412003BD251 /* Project object */;
			proxyType = 1;
			remoteGlobalIDString = E2AEB10625BDF413003BD251;
			remoteInfo = Horizon;
		};
/* End PBXContainerItemProxy section */

/* Begin PBXFileReference section */
		E275D2B225BFA63E00320CA5 /* MacEditorTextView.swift */ = {isa = PBXFileReference; lastKnownFileType = sourcecode.swift; path = MacEditorTextView.swift; sourceTree = "<group>"; };
		E2AEB10725BDF413003BD251 /* Horizon.app */ = {isa = PBXFileReference; explicitFileType = wrapper.application; includeInIndex = 0; path = Horizon.app; sourceTree = BUILT_PRODUCTS_DIR; };
		E2AEB10A25BDF413003BD251 /* AppDelegate.swift */ = {isa = PBXFileReference; lastKnownFileType = sourcecode.swift; path = AppDelegate.swift; sourceTree = "<group>"; };
		E2AEB10E25BDF413003BD251 /* Assets.xcassets */ = {isa = PBXFileReference; lastKnownFileType = folder.assetcatalog; path = Assets.xcassets; sourceTree = "<group>"; };
		E2AEB11125BDF413003BD251 /* Preview Assets.xcassets */ = {isa = PBXFileReference; lastKnownFileType = folder.assetcatalog; path = "Preview Assets.xcassets"; sourceTree = "<group>"; };
		E2AEB11425BDF413003BD251 /* Base */ = {isa = PBXFileReference; lastKnownFileType = file.storyboard; name = Base; path = Base.lproj/Main.storyboard; sourceTree = "<group>"; };
		E2AEB11625BDF413003BD251 /* Info.plist */ = {isa = PBXFileReference; lastKnownFileType = text.plist.xml; path = Info.plist; sourceTree = "<group>"; };
		E2AEB11725BDF413003BD251 /* Horizon.entitlements */ = {isa = PBXFileReference; lastKnownFileType = text.plist.entitlements; path = Horizon.entitlements; sourceTree = "<group>"; };
		E2AEB11C25BDF413003BD251 /* HorizonTests.xctest */ = {isa = PBXFileReference; explicitFileType = wrapper.cfbundle; includeInIndex = 0; path = HorizonTests.xctest; sourceTree = BUILT_PRODUCTS_DIR; };
		E2AEB12025BDF413003BD251 /* HorizonTests.swift */ = {isa = PBXFileReference; lastKnownFileType = sourcecode.swift; path = HorizonTests.swift; sourceTree = "<group>"; };
		E2AEB12225BDF413003BD251 /* Info.plist */ = {isa = PBXFileReference; lastKnownFileType = text.plist.xml; path = Info.plist; sourceTree = "<group>"; };
		E2AEB12725BDF413003BD251 /* HorizonUITests.xctest */ = {isa = PBXFileReference; explicitFileType = wrapper.cfbundle; includeInIndex = 0; path = HorizonUITests.xctest; sourceTree = BUILT_PRODUCTS_DIR; };
		E2AEB12B25BDF413003BD251 /* HorizonUITests.swift */ = {isa = PBXFileReference; lastKnownFileType = sourcecode.swift; path = HorizonUITests.swift; sourceTree = "<group>"; };
		E2AEB12D25BDF413003BD251 /* Info.plist */ = {isa = PBXFileReference; lastKnownFileType = text.plist.xml; path = Info.plist; sourceTree = "<group>"; };
		E2AEB15225BDF4A7003BD251 /* Entry.swift */ = {isa = PBXFileReference; fileEncoding = 4; lastKnownFileType = sourcecode.swift; path = Entry.swift; sourceTree = "<group>"; };
		E2AEB15325BDF4A7003BD251 /* File.swift */ = {isa = PBXFileReference; fileEncoding = 4; lastKnownFileType = sourcecode.swift; path = File.swift; sourceTree = "<group>"; };
		E2AEB15425BDF4A7003BD251 /* User.swift */ = {isa = PBXFileReference; fileEncoding = 4; lastKnownFileType = sourcecode.swift; path = User.swift; sourceTree = "<group>"; };
		E2AEB15525BDF4A7003BD251 /* AuthUser.swift */ = {isa = PBXFileReference; fileEncoding = 4; lastKnownFileType = sourcecode.swift; path = AuthUser.swift; sourceTree = "<group>"; };
		E2AEB15625BDF4A7003BD251 /* Journal.swift */ = {isa = PBXFileReference; fileEncoding = 4; lastKnownFileType = sourcecode.swift; path = Journal.swift; sourceTree = "<group>"; };
		E2AEB16025BDF4D6003BD251 /* Futureland.swift */ = {isa = PBXFileReference; fileEncoding = 4; lastKnownFileType = sourcecode.swift; path = Futureland.swift; sourceTree = "<group>"; };
		E2AEB16825BDF4F7003BD251 /* PrefsViewModel.swift */ = {isa = PBXFileReference; fileEncoding = 4; lastKnownFileType = sourcecode.swift; path = PrefsViewModel.swift; sourceTree = "<group>"; };
		E2AEB16925BDF4F7003BD251 /* AccountPrefsView.swift */ = {isa = PBXFileReference; fileEncoding = 4; lastKnownFileType = sourcecode.swift; path = AccountPrefsView.swift; sourceTree = "<group>"; };
		E2AEB16A25BDF4F7003BD251 /* GeneralPrefsView.swift */ = {isa = PBXFileReference; fileEncoding = 4; lastKnownFileType = sourcecode.swift; path = GeneralPrefsView.swift; sourceTree = "<group>"; };
		E2AEB17225BDF52F003BD251 /* PublishView.swift */ = {isa = PBXFileReference; fileEncoding = 4; lastKnownFileType = sourcecode.swift; path = PublishView.swift; sourceTree = "<group>"; };
		E2AEB17325BDF52F003BD251 /* PublishViewModel.swift */ = {isa = PBXFileReference; fileEncoding = 4; lastKnownFileType = sourcecode.swift; path = PublishViewModel.swift; sourceTree = "<group>"; };
		E2AEB17425BDF52F003BD251 /* PublishPanel.swift */ = {isa = PBXFileReference; fileEncoding = 4; lastKnownFileType = sourcecode.swift; path = PublishPanel.swift; sourceTree = "<group>"; };
		E2AEB17C25BDF537003BD251 /* StatusBarMenu.swift */ = {isa = PBXFileReference; fileEncoding = 4; lastKnownFileType = sourcecode.swift; path = StatusBarMenu.swift; sourceTree = "<group>"; };
		E2AEB17D25BDF537003BD251 /* StatusBarMenuItem.swift */ = {isa = PBXFileReference; fileEncoding = 4; lastKnownFileType = sourcecode.swift; path = StatusBarMenuItem.swift; sourceTree = "<group>"; };
/* End PBXFileReference section */

/* Begin PBXFrameworksBuildPhase section */
		E2AEB10425BDF413003BD251 /* Frameworks */ = {
			isa = PBXFrameworksBuildPhase;
			buildActionMask = 2147483647;
			files = (
				E2AEB14425BDF43F003BD251 /* LaunchAtLogin in Frameworks */,
				E233838025BE326200902F38 /* Alamofire in Frameworks */,
				E2AEB14A25BDF446003BD251 /* Preferences in Frameworks */,
				E2AEB13E25BDF438003BD251 /* KeyboardShortcuts in Frameworks */,
			);
			runOnlyForDeploymentPostprocessing = 0;
		};
		E2AEB11925BDF413003BD251 /* Frameworks */ = {
			isa = PBXFrameworksBuildPhase;
			buildActionMask = 2147483647;
			files = (
			);
			runOnlyForDeploymentPostprocessing = 0;
		};
		E2AEB12425BDF413003BD251 /* Frameworks */ = {
			isa = PBXFrameworksBuildPhase;
			buildActionMask = 2147483647;
			files = (
			);
			runOnlyForDeploymentPostprocessing = 0;
		};
/* End PBXFrameworksBuildPhase section */

/* Begin PBXGroup section */
		E2AEB0FE25BDF412003BD251 = {
			isa = PBXGroup;
			children = (
				E2AEB10925BDF413003BD251 /* Horizon */,
				E2AEB11F25BDF413003BD251 /* HorizonTests */,
				E2AEB12A25BDF413003BD251 /* HorizonUITests */,
				E2AEB10825BDF413003BD251 /* Products */,
			);
			sourceTree = "<group>";
		};
		E2AEB10825BDF413003BD251 /* Products */ = {
			isa = PBXGroup;
			children = (
				E2AEB10725BDF413003BD251 /* Horizon.app */,
				E2AEB11C25BDF413003BD251 /* HorizonTests.xctest */,
				E2AEB12725BDF413003BD251 /* HorizonUITests.xctest */,
			);
			name = Products;
			sourceTree = "<group>";
		};
		E2AEB10925BDF413003BD251 /* Horizon */ = {
			isa = PBXGroup;
			children = (
				E2AEB10A25BDF413003BD251 /* AppDelegate.swift */,
				E2B8FFD425BF0BFF0090A6B6 /* Components */,
				E2AEB15125BDF491003BD251 /* Models */,
				E2AEB15F25BDF4C7003BD251 /* Networking */,
				E2AEB16725BDF4E5003BD251 /* Prefs */,
				E2AEB17125BDF503003BD251 /* Publish */,
				E2AEB17B25BDF537003BD251 /* StatusBar */,
				E2AEB10E25BDF413003BD251 /* Assets.xcassets */,
				E2AEB11325BDF413003BD251 /* Main.storyboard */,
				E2AEB11625BDF413003BD251 /* Info.plist */,
				E2AEB11725BDF413003BD251 /* Horizon.entitlements */,
				E2AEB11025BDF413003BD251 /* Preview Content */,
			);
			path = Horizon;
			sourceTree = "<group>";
		};
		E2AEB11025BDF413003BD251 /* Preview Content */ = {
			isa = PBXGroup;
			children = (
				E2AEB11125BDF413003BD251 /* Preview Assets.xcassets */,
			);
			path = "Preview Content";
			sourceTree = "<group>";
		};
		E2AEB11F25BDF413003BD251 /* HorizonTests */ = {
			isa = PBXGroup;
			children = (
				E2AEB12025BDF413003BD251 /* HorizonTests.swift */,
				E2AEB12225BDF413003BD251 /* Info.plist */,
			);
			path = HorizonTests;
			sourceTree = "<group>";
		};
		E2AEB12A25BDF413003BD251 /* HorizonUITests */ = {
			isa = PBXGroup;
			children = (
				E2AEB12B25BDF413003BD251 /* HorizonUITests.swift */,
				E2AEB12D25BDF413003BD251 /* Info.plist */,
			);
			path = HorizonUITests;
			sourceTree = "<group>";
		};
		E2AEB15125BDF491003BD251 /* Models */ = {
			isa = PBXGroup;
			children = (
				E2AEB15525BDF4A7003BD251 /* AuthUser.swift */,
				E2AEB15225BDF4A7003BD251 /* Entry.swift */,
				E2AEB15325BDF4A7003BD251 /* File.swift */,
				E2AEB15625BDF4A7003BD251 /* Journal.swift */,
				E2AEB15425BDF4A7003BD251 /* User.swift */,
			);
			path = Models;
			sourceTree = "<group>";
		};
		E2AEB15F25BDF4C7003BD251 /* Networking */ = {
			isa = PBXGroup;
			children = (
				E2AEB16025BDF4D6003BD251 /* Futureland.swift */,
			);
			path = Networking;
			sourceTree = "<group>";
		};
		E2AEB16725BDF4E5003BD251 /* Prefs */ = {
			isa = PBXGroup;
			children = (
				E2AEB16925BDF4F7003BD251 /* AccountPrefsView.swift */,
				E2AEB16A25BDF4F7003BD251 /* GeneralPrefsView.swift */,
				E2AEB16825BDF4F7003BD251 /* PrefsViewModel.swift */,
			);
			path = Prefs;
			sourceTree = "<group>";
		};
		E2AEB17125BDF503003BD251 /* Publish */ = {
			isa = PBXGroup;
			children = (
				E2AEB17425BDF52F003BD251 /* PublishPanel.swift */,
				E2AEB17225BDF52F003BD251 /* PublishView.swift */,
				E2AEB17325BDF52F003BD251 /* PublishViewModel.swift */,
			);
			path = Publish;
			sourceTree = "<group>";
		};
		E2AEB17B25BDF537003BD251 /* StatusBar */ = {
			isa = PBXGroup;
			children = (
				E2AEB17C25BDF537003BD251 /* StatusBarMenu.swift */,
				E2AEB17D25BDF537003BD251 /* StatusBarMenuItem.swift */,
			);
			path = StatusBar;
			sourceTree = "<group>";
		};
		E2B8FFD425BF0BFF0090A6B6 /* Components */ = {
			isa = PBXGroup;
			children = (
				E275D2B225BFA63E00320CA5 /* MacEditorTextView.swift */,
			);
			path = Components;
			sourceTree = "<group>";
		};
/* End PBXGroup section */

/* Begin PBXNativeTarget section */
		E2AEB10625BDF413003BD251 /* Horizon */ = {
			isa = PBXNativeTarget;
			buildConfigurationList = E2AEB13025BDF413003BD251 /* Build configuration list for PBXNativeTarget "Horizon" */;
			buildPhases = (
				E2AEB10325BDF413003BD251 /* Sources */,
				E2AEB10425BDF413003BD251 /* Frameworks */,
				E2AEB10525BDF413003BD251 /* Resources */,
			);
			buildRules = (
			);
			dependencies = (
			);
			name = Horizon;
			packageProductDependencies = (
				E2AEB13D25BDF438003BD251 /* KeyboardShortcuts */,
				E2AEB14325BDF43F003BD251 /* LaunchAtLogin */,
				E2AEB14925BDF446003BD251 /* Preferences */,
				E233837F25BE326200902F38 /* Alamofire */,
			);
			productName = Horizon;
			productReference = E2AEB10725BDF413003BD251 /* Horizon.app */;
			productType = "com.apple.product-type.application";
		};
		E2AEB11B25BDF413003BD251 /* HorizonTests */ = {
			isa = PBXNativeTarget;
			buildConfigurationList = E2AEB13325BDF413003BD251 /* Build configuration list for PBXNativeTarget "HorizonTests" */;
			buildPhases = (
				E2AEB11825BDF413003BD251 /* Sources */,
				E2AEB11925BDF413003BD251 /* Frameworks */,
				E2AEB11A25BDF413003BD251 /* Resources */,
			);
			buildRules = (
			);
			dependencies = (
				E2AEB11E25BDF413003BD251 /* PBXTargetDependency */,
			);
			name = HorizonTests;
			productName = HorizonTests;
			productReference = E2AEB11C25BDF413003BD251 /* HorizonTests.xctest */;
			productType = "com.apple.product-type.bundle.unit-test";
		};
		E2AEB12625BDF413003BD251 /* HorizonUITests */ = {
			isa = PBXNativeTarget;
			buildConfigurationList = E2AEB13625BDF413003BD251 /* Build configuration list for PBXNativeTarget "HorizonUITests" */;
			buildPhases = (
				E2AEB12325BDF413003BD251 /* Sources */,
				E2AEB12425BDF413003BD251 /* Frameworks */,
				E2AEB12525BDF413003BD251 /* Resources */,
			);
			buildRules = (
			);
			dependencies = (
				E2AEB12925BDF413003BD251 /* PBXTargetDependency */,
			);
			name = HorizonUITests;
			productName = HorizonUITests;
			productReference = E2AEB12725BDF413003BD251 /* HorizonUITests.xctest */;
			productType = "com.apple.product-type.bundle.ui-testing";
		};
/* End PBXNativeTarget section */

/* Begin PBXProject section */
		E2AEB0FF25BDF412003BD251 /* Project object */ = {
			isa = PBXProject;
			attributes = {
				LastSwiftUpdateCheck = 1230;
				LastUpgradeCheck = 1230;
				TargetAttributes = {
					E2AEB10625BDF413003BD251 = {
						CreatedOnToolsVersion = 12.3;
					};
					E2AEB11B25BDF413003BD251 = {
						CreatedOnToolsVersion = 12.3;
						TestTargetID = E2AEB10625BDF413003BD251;
					};
					E2AEB12625BDF413003BD251 = {
						CreatedOnToolsVersion = 12.3;
						TestTargetID = E2AEB10625BDF413003BD251;
					};
				};
			};
			buildConfigurationList = E2AEB10225BDF412003BD251 /* Build configuration list for PBXProject "Horizon" */;
			compatibilityVersion = "Xcode 9.3";
			developmentRegion = en;
			hasScannedForEncodings = 0;
			knownRegions = (
				en,
				Base,
			);
			mainGroup = E2AEB0FE25BDF412003BD251;
			packageReferences = (
				E2AEB13C25BDF438003BD251 /* XCRemoteSwiftPackageReference "KeyboardShortcuts" */,
				E2AEB14225BDF43F003BD251 /* XCRemoteSwiftPackageReference "LaunchAtLogin" */,
				E2AEB14825BDF446003BD251 /* XCRemoteSwiftPackageReference "Preferences" */,
				E233837E25BE326200902F38 /* XCRemoteSwiftPackageReference "Alamofire" */,
			);
			productRefGroup = E2AEB10825BDF413003BD251 /* Products */;
			projectDirPath = "";
			projectRoot = "";
			targets = (
				E2AEB10625BDF413003BD251 /* Horizon */,
				E2AEB11B25BDF413003BD251 /* HorizonTests */,
				E2AEB12625BDF413003BD251 /* HorizonUITests */,
			);
		};
/* End PBXProject section */

/* Begin PBXResourcesBuildPhase section */
		E2AEB10525BDF413003BD251 /* Resources */ = {
			isa = PBXResourcesBuildPhase;
			buildActionMask = 2147483647;
			files = (
				E2AEB11525BDF413003BD251 /* Main.storyboard in Resources */,
				E2AEB11225BDF413003BD251 /* Preview Assets.xcassets in Resources */,
				E2AEB10F25BDF413003BD251 /* Assets.xcassets in Resources */,
			);
			runOnlyForDeploymentPostprocessing = 0;
		};
		E2AEB11A25BDF413003BD251 /* Resources */ = {
			isa = PBXResourcesBuildPhase;
			buildActionMask = 2147483647;
			files = (
			);
			runOnlyForDeploymentPostprocessing = 0;
		};
		E2AEB12525BDF413003BD251 /* Resources */ = {
			isa = PBXResourcesBuildPhase;
			buildActionMask = 2147483647;
			files = (
			);
			runOnlyForDeploymentPostprocessing = 0;
		};
/* End PBXResourcesBuildPhase section */

/* Begin PBXSourcesBuildPhase section */
		E2AEB10325BDF413003BD251 /* Sources */ = {
			isa = PBXSourcesBuildPhase;
			buildActionMask = 2147483647;
			files = (
				E275D2B325BFA63E00320CA5 /* MacEditorTextView.swift in Sources */,
				E2AEB17E25BDF537003BD251 /* StatusBarMenu.swift in Sources */,
				E2AEB16B25BDF4F7003BD251 /* PrefsViewModel.swift in Sources */,
				E2AEB16D25BDF4F7003BD251 /* GeneralPrefsView.swift in Sources */,
				E2AEB17525BDF52F003BD251 /* PublishView.swift in Sources */,
				E2AEB16C25BDF4F7003BD251 /* AccountPrefsView.swift in Sources */,
				E2AEB15925BDF4A7003BD251 /* User.swift in Sources */,
				E2AEB16225BDF4D7003BD251 /* Futureland.swift in Sources */,
				E2AEB15725BDF4A7003BD251 /* Entry.swift in Sources */,
				E2AEB17625BDF52F003BD251 /* PublishViewModel.swift in Sources */,
				E2AEB15825BDF4A7003BD251 /* File.swift in Sources */,
				E2AEB15A25BDF4A7003BD251 /* AuthUser.swift in Sources */,
				E2AEB17725BDF52F003BD251 /* PublishPanel.swift in Sources */,
				E2AEB10B25BDF413003BD251 /* AppDelegate.swift in Sources */,
				E2AEB15B25BDF4A7003BD251 /* Journal.swift in Sources */,
				E2AEB17F25BDF537003BD251 /* StatusBarMenuItem.swift in Sources */,
			);
			runOnlyForDeploymentPostprocessing = 0;
		};
		E2AEB11825BDF413003BD251 /* Sources */ = {
			isa = PBXSourcesBuildPhase;
			buildActionMask = 2147483647;
			files = (
				E2AEB12125BDF413003BD251 /* HorizonTests.swift in Sources */,
			);
			runOnlyForDeploymentPostprocessing = 0;
		};
		E2AEB12325BDF413003BD251 /* Sources */ = {
			isa = PBXSourcesBuildPhase;
			buildActionMask = 2147483647;
			files = (
				E2AEB12C25BDF413003BD251 /* HorizonUITests.swift in Sources */,
			);
			runOnlyForDeploymentPostprocessing = 0;
		};
/* End PBXSourcesBuildPhase section */

/* Begin PBXTargetDependency section */
		E2AEB11E25BDF413003BD251 /* PBXTargetDependency */ = {
			isa = PBXTargetDependency;
			target = E2AEB10625BDF413003BD251 /* Horizon */;
			targetProxy = E2AEB11D25BDF413003BD251 /* PBXContainerItemProxy */;
		};
		E2AEB12925BDF413003BD251 /* PBXTargetDependency */ = {
			isa = PBXTargetDependency;
			target = E2AEB10625BDF413003BD251 /* Horizon */;
			targetProxy = E2AEB12825BDF413003BD251 /* PBXContainerItemProxy */;
		};
/* End PBXTargetDependency section */

/* Begin PBXVariantGroup section */
		E2AEB11325BDF413003BD251 /* Main.storyboard */ = {
			isa = PBXVariantGroup;
			children = (
				E2AEB11425BDF413003BD251 /* Base */,
			);
			name = Main.storyboard;
			sourceTree = "<group>";
		};
/* End PBXVariantGroup section */

/* Begin XCBuildConfiguration section */
		E2AEB12E25BDF413003BD251 /* Debug */ = {
			isa = XCBuildConfiguration;
			buildSettings = {
				ALWAYS_SEARCH_USER_PATHS = NO;
				CLANG_ANALYZER_NONNULL = YES;
				CLANG_ANALYZER_NUMBER_OBJECT_CONVERSION = YES_AGGRESSIVE;
				CLANG_CXX_LANGUAGE_STANDARD = "gnu++14";
				CLANG_CXX_LIBRARY = "libc++";
				CLANG_ENABLE_MODULES = YES;
				CLANG_ENABLE_OBJC_ARC = YES;
				CLANG_ENABLE_OBJC_WEAK = YES;
				CLANG_WARN_BLOCK_CAPTURE_AUTORELEASING = YES;
				CLANG_WARN_BOOL_CONVERSION = YES;
				CLANG_WARN_COMMA = YES;
				CLANG_WARN_CONSTANT_CONVERSION = YES;
				CLANG_WARN_DEPRECATED_OBJC_IMPLEMENTATIONS = YES;
				CLANG_WARN_DIRECT_OBJC_ISA_USAGE = YES_ERROR;
				CLANG_WARN_DOCUMENTATION_COMMENTS = YES;
				CLANG_WARN_EMPTY_BODY = YES;
				CLANG_WARN_ENUM_CONVERSION = YES;
				CLANG_WARN_INFINITE_RECURSION = YES;
				CLANG_WARN_INT_CONVERSION = YES;
				CLANG_WARN_NON_LITERAL_NULL_CONVERSION = YES;
				CLANG_WARN_OBJC_IMPLICIT_RETAIN_SELF = YES;
				CLANG_WARN_OBJC_LITERAL_CONVERSION = YES;
				CLANG_WARN_OBJC_ROOT_CLASS = YES_ERROR;
				CLANG_WARN_QUOTED_INCLUDE_IN_FRAMEWORK_HEADER = YES;
				CLANG_WARN_RANGE_LOOP_ANALYSIS = YES;
				CLANG_WARN_STRICT_PROTOTYPES = YES;
				CLANG_WARN_SUSPICIOUS_MOVE = YES;
				CLANG_WARN_UNGUARDED_AVAILABILITY = YES_AGGRESSIVE;
				CLANG_WARN_UNREACHABLE_CODE = YES;
				CLANG_WARN__DUPLICATE_METHOD_MATCH = YES;
				COPY_PHASE_STRIP = NO;
				DEBUG_INFORMATION_FORMAT = dwarf;
				ENABLE_STRICT_OBJC_MSGSEND = YES;
				ENABLE_TESTABILITY = YES;
				GCC_C_LANGUAGE_STANDARD = gnu11;
				GCC_DYNAMIC_NO_PIC = NO;
				GCC_NO_COMMON_BLOCKS = YES;
				GCC_OPTIMIZATION_LEVEL = 0;
				GCC_PREPROCESSOR_DEFINITIONS = (
					"DEBUG=1",
					"$(inherited)",
				);
				GCC_WARN_64_TO_32_BIT_CONVERSION = YES;
				GCC_WARN_ABOUT_RETURN_TYPE = YES_ERROR;
				GCC_WARN_UNDECLARED_SELECTOR = YES;
				GCC_WARN_UNINITIALIZED_AUTOS = YES_AGGRESSIVE;
				GCC_WARN_UNUSED_FUNCTION = YES;
				GCC_WARN_UNUSED_VARIABLE = YES;
				MACOSX_DEPLOYMENT_TARGET = 11.0;
				MTL_ENABLE_DEBUG_INFO = INCLUDE_SOURCE;
				MTL_FAST_MATH = YES;
				ONLY_ACTIVE_ARCH = YES;
				SDKROOT = macosx;
				SWIFT_ACTIVE_COMPILATION_CONDITIONS = DEBUG;
				SWIFT_OPTIMIZATION_LEVEL = "-Onone";
			};
			name = Debug;
		};
		E2AEB12F25BDF413003BD251 /* Release */ = {
			isa = XCBuildConfiguration;
			buildSettings = {
				ALWAYS_SEARCH_USER_PATHS = NO;
				CLANG_ANALYZER_NONNULL = YES;
				CLANG_ANALYZER_NUMBER_OBJECT_CONVERSION = YES_AGGRESSIVE;
				CLANG_CXX_LANGUAGE_STANDARD = "gnu++14";
				CLANG_CXX_LIBRARY = "libc++";
				CLANG_ENABLE_MODULES = YES;
				CLANG_ENABLE_OBJC_ARC = YES;
				CLANG_ENABLE_OBJC_WEAK = YES;
				CLANG_WARN_BLOCK_CAPTURE_AUTORELEASING = YES;
				CLANG_WARN_BOOL_CONVERSION = YES;
				CLANG_WARN_COMMA = YES;
				CLANG_WARN_CONSTANT_CONVERSION = YES;
				CLANG_WARN_DEPRECATED_OBJC_IMPLEMENTATIONS = YES;
				CLANG_WARN_DIRECT_OBJC_ISA_USAGE = YES_ERROR;
				CLANG_WARN_DOCUMENTATION_COMMENTS = YES;
				CLANG_WARN_EMPTY_BODY = YES;
				CLANG_WARN_ENUM_CONVERSION = YES;
				CLANG_WARN_INFINITE_RECURSION = YES;
				CLANG_WARN_INT_CONVERSION = YES;
				CLANG_WARN_NON_LITERAL_NULL_CONVERSION = YES;
				CLANG_WARN_OBJC_IMPLICIT_RETAIN_SELF = YES;
				CLANG_WARN_OBJC_LITERAL_CONVERSION = YES;
				CLANG_WARN_OBJC_ROOT_CLASS = YES_ERROR;
				CLANG_WARN_QUOTED_INCLUDE_IN_FRAMEWORK_HEADER = YES;
				CLANG_WARN_RANGE_LOOP_ANALYSIS = YES;
				CLANG_WARN_STRICT_PROTOTYPES = YES;
				CLANG_WARN_SUSPICIOUS_MOVE = YES;
				CLANG_WARN_UNGUARDED_AVAILABILITY = YES_AGGRESSIVE;
				CLANG_WARN_UNREACHABLE_CODE = YES;
				CLANG_WARN__DUPLICATE_METHOD_MATCH = YES;
				COPY_PHASE_STRIP = NO;
				DEBUG_INFORMATION_FORMAT = "dwarf-with-dsym";
				ENABLE_NS_ASSERTIONS = NO;
				ENABLE_STRICT_OBJC_MSGSEND = YES;
				GCC_C_LANGUAGE_STANDARD = gnu11;
				GCC_NO_COMMON_BLOCKS = YES;
				GCC_WARN_64_TO_32_BIT_CONVERSION = YES;
				GCC_WARN_ABOUT_RETURN_TYPE = YES_ERROR;
				GCC_WARN_UNDECLARED_SELECTOR = YES;
				GCC_WARN_UNINITIALIZED_AUTOS = YES_AGGRESSIVE;
				GCC_WARN_UNUSED_FUNCTION = YES;
				GCC_WARN_UNUSED_VARIABLE = YES;
				MACOSX_DEPLOYMENT_TARGET = 11.0;
				MTL_ENABLE_DEBUG_INFO = NO;
				MTL_FAST_MATH = YES;
				SDKROOT = macosx;
				SWIFT_COMPILATION_MODE = wholemodule;
				SWIFT_OPTIMIZATION_LEVEL = "-O";
			};
			name = Release;
		};
		E2AEB13125BDF413003BD251 /* Debug */ = {
			isa = XCBuildConfiguration;
			buildSettings = {
				ASSETCATALOG_COMPILER_APPICON_NAME = AppIcon;
				ASSETCATALOG_COMPILER_GLOBAL_ACCENT_COLOR_NAME = AccentColor;
				CODE_SIGN_ENTITLEMENTS = Horizon/Horizon.entitlements;
				CODE_SIGN_STYLE = Automatic;
				COMBINE_HIDPI_IMAGES = YES;
				DEVELOPMENT_ASSET_PATHS = "\"Horizon/Preview Content\"";
				DEVELOPMENT_TEAM = LCFAPK739L;
				ENABLE_HARDENED_RUNTIME = YES;
				ENABLE_PREVIEWS = YES;
				INFOPLIST_FILE = Horizon/Info.plist;
				LD_RUNPATH_SEARCH_PATHS = (
					"$(inherited)",
					"@executable_path/../Frameworks",
				);
				MACOSX_DEPLOYMENT_TARGET = 11.0;
				PRODUCT_BUNDLE_IDENTIFIER = co.meagher.Horizon;
				PRODUCT_NAME = "$(TARGET_NAME)";
				SWIFT_VERSION = 5.0;
			};
			name = Debug;
		};
		E2AEB13225BDF413003BD251 /* Release */ = {
			isa = XCBuildConfiguration;
			buildSettings = {
				ASSETCATALOG_COMPILER_APPICON_NAME = AppIcon;
				ASSETCATALOG_COMPILER_GLOBAL_ACCENT_COLOR_NAME = AccentColor;
				CODE_SIGN_ENTITLEMENTS = Horizon/Horizon.entitlements;
				CODE_SIGN_STYLE = Automatic;
				COMBINE_HIDPI_IMAGES = YES;
				DEVELOPMENT_ASSET_PATHS = "\"Horizon/Preview Content\"";
				DEVELOPMENT_TEAM = LCFAPK739L;
				ENABLE_HARDENED_RUNTIME = YES;
				ENABLE_PREVIEWS = YES;
				INFOPLIST_FILE = Horizon/Info.plist;
				LD_RUNPATH_SEARCH_PATHS = (
					"$(inherited)",
					"@executable_path/../Frameworks",
				);
				MACOSX_DEPLOYMENT_TARGET = 11.0;
				PRODUCT_BUNDLE_IDENTIFIER = co.meagher.Horizon;
				PRODUCT_NAME = "$(TARGET_NAME)";
				SWIFT_VERSION = 5.0;
			};
			name = Release;
		};
		E2AEB13425BDF413003BD251 /* Debug */ = {
			isa = XCBuildConfiguration;
			buildSettings = {
				ALWAYS_EMBED_SWIFT_STANDARD_LIBRARIES = YES;
				BUNDLE_LOADER = "$(TEST_HOST)";
				CODE_SIGN_STYLE = Automatic;
				COMBINE_HIDPI_IMAGES = YES;
				DEVELOPMENT_TEAM = LCFAPK739L;
				INFOPLIST_FILE = HorizonTests/Info.plist;
				LD_RUNPATH_SEARCH_PATHS = (
					"$(inherited)",
					"@executable_path/../Frameworks",
					"@loader_path/../Frameworks",
				);
				MACOSX_DEPLOYMENT_TARGET = 10.15;
				PRODUCT_BUNDLE_IDENTIFIER = co.meagher.HorizonTests;
				PRODUCT_NAME = "$(TARGET_NAME)";
				SWIFT_VERSION = 5.0;
				TEST_HOST = "$(BUILT_PRODUCTS_DIR)/Horizon.app/Contents/MacOS/Horizon";
			};
			name = Debug;
		};
		E2AEB13525BDF413003BD251 /* Release */ = {
			isa = XCBuildConfiguration;
			buildSettings = {
				ALWAYS_EMBED_SWIFT_STANDARD_LIBRARIES = YES;
				BUNDLE_LOADER = "$(TEST_HOST)";
				CODE_SIGN_STYLE = Automatic;
				COMBINE_HIDPI_IMAGES = YES;
				DEVELOPMENT_TEAM = LCFAPK739L;
				INFOPLIST_FILE = HorizonTests/Info.plist;
				LD_RUNPATH_SEARCH_PATHS = (
					"$(inherited)",
					"@executable_path/../Frameworks",
					"@loader_path/../Frameworks",
				);
				MACOSX_DEPLOYMENT_TARGET = 10.15;
				PRODUCT_BUNDLE_IDENTIFIER = co.meagher.HorizonTests;
				PRODUCT_NAME = "$(TARGET_NAME)";
				SWIFT_VERSION = 5.0;
				TEST_HOST = "$(BUILT_PRODUCTS_DIR)/Horizon.app/Contents/MacOS/Horizon";
			};
			name = Release;
		};
		E2AEB13725BDF413003BD251 /* Debug */ = {
			isa = XCBuildConfiguration;
			buildSettings = {
				ALWAYS_EMBED_SWIFT_STANDARD_LIBRARIES = YES;
				CODE_SIGN_STYLE = Automatic;
				COMBINE_HIDPI_IMAGES = YES;
				DEVELOPMENT_TEAM = LCFAPK739L;
				INFOPLIST_FILE = HorizonUITests/Info.plist;
				LD_RUNPATH_SEARCH_PATHS = (
					"$(inherited)",
					"@executable_path/../Frameworks",
					"@loader_path/../Frameworks",
				);
				PRODUCT_BUNDLE_IDENTIFIER = co.meagher.HorizonUITests;
				PRODUCT_NAME = "$(TARGET_NAME)";
				SWIFT_VERSION = 5.0;
				TEST_TARGET_NAME = Horizon;
			};
			name = Debug;
		};
		E2AEB13825BDF413003BD251 /* Release */ = {
			isa = XCBuildConfiguration;
			buildSettings = {
				ALWAYS_EMBED_SWIFT_STANDARD_LIBRARIES = YES;
				CODE_SIGN_STYLE = Automatic;
				COMBINE_HIDPI_IMAGES = YES;
				DEVELOPMENT_TEAM = LCFAPK739L;
				INFOPLIST_FILE = HorizonUITests/Info.plist;
				LD_RUNPATH_SEARCH_PATHS = (
					"$(inherited)",
					"@executable_path/../Frameworks",
					"@loader_path/../Frameworks",
				);
				PRODUCT_BUNDLE_IDENTIFIER = co.meagher.HorizonUITests;
				PRODUCT_NAME = "$(TARGET_NAME)";
				SWIFT_VERSION = 5.0;
				TEST_TARGET_NAME = Horizon;
			};
			name = Release;
		};
/* End XCBuildConfiguration section */

/* Begin XCConfigurationList section */
		E2AEB10225BDF412003BD251 /* Build configuration list for PBXProject "Horizon" */ = {
			isa = XCConfigurationList;
			buildConfigurations = (
				E2AEB12E25BDF413003BD251 /* Debug */,
				E2AEB12F25BDF413003BD251 /* Release */,
			);
			defaultConfigurationIsVisible = 0;
			defaultConfigurationName = Release;
		};
		E2AEB13025BDF413003BD251 /* Build configuration list for PBXNativeTarget "Horizon" */ = {
			isa = XCConfigurationList;
			buildConfigurations = (
				E2AEB13125BDF413003BD251 /* Debug */,
				E2AEB13225BDF413003BD251 /* Release */,
			);
			defaultConfigurationIsVisible = 0;
			defaultConfigurationName = Release;
		};
		E2AEB13325BDF413003BD251 /* Build configuration list for PBXNativeTarget "HorizonTests" */ = {
			isa = XCConfigurationList;
			buildConfigurations = (
				E2AEB13425BDF413003BD251 /* Debug */,
				E2AEB13525BDF413003BD251 /* Release */,
			);
			defaultConfigurationIsVisible = 0;
			defaultConfigurationName = Release;
		};
		E2AEB13625BDF413003BD251 /* Build configuration list for PBXNativeTarget "HorizonUITests" */ = {
			isa = XCConfigurationList;
			buildConfigurations = (
				E2AEB13725BDF413003BD251 /* Debug */,
				E2AEB13825BDF413003BD251 /* Release */,
			);
			defaultConfigurationIsVisible = 0;
			defaultConfigurationName = Release;
		};
/* End XCConfigurationList section */

/* Begin XCRemoteSwiftPackageReference section */
		E233837E25BE326200902F38 /* XCRemoteSwiftPackageReference "Alamofire" */ = {
			isa = XCRemoteSwiftPackageReference;
			repositoryURL = "https://github.com/Alamofire/Alamofire";
			requirement = {
				kind = upToNextMajorVersion;
				minimumVersion = 5.4.1;
			};
		};
		E2AEB13C25BDF438003BD251 /* XCRemoteSwiftPackageReference "KeyboardShortcuts" */ = {
			isa = XCRemoteSwiftPackageReference;
			repositoryURL = "https://github.com/sindresorhus/KeyboardShortcuts";
			requirement = {
				kind = upToNextMajorVersion;
				minimumVersion = 0.6.1;
			};
		};
		E2AEB14225BDF43F003BD251 /* XCRemoteSwiftPackageReference "LaunchAtLogin" */ = {
			isa = XCRemoteSwiftPackageReference;
			repositoryURL = "https://github.com/sindresorhus/LaunchAtLogin";
			requirement = {
				kind = upToNextMajorVersion;
				minimumVersion = 4.0.0;
			};
		};
		E2AEB14825BDF446003BD251 /* XCRemoteSwiftPackageReference "Preferences" */ = {
			isa = XCRemoteSwiftPackageReference;
			repositoryURL = "https://github.com/sindresorhus/Preferences";
			requirement = {
				kind = upToNextMajorVersion;
				minimumVersion = 2.2.0;
			};
		};
/* End XCRemoteSwiftPackageReference section */

/* Begin XCSwiftPackageProductDependency section */
		E233837F25BE326200902F38 /* Alamofire */ = {
			isa = XCSwiftPackageProductDependency;
			package = E233837E25BE326200902F38 /* XCRemoteSwiftPackageReference "Alamofire" */;
			productName = Alamofire;
		};
		E2AEB13D25BDF438003BD251 /* KeyboardShortcuts */ = {
			isa = XCSwiftPackageProductDependency;
			package = E2AEB13C25BDF438003BD251 /* XCRemoteSwiftPackageReference "KeyboardShortcuts" */;
			productName = KeyboardShortcuts;
		};
		E2AEB14325BDF43F003BD251 /* LaunchAtLogin */ = {
			isa = XCSwiftPackageProductDependency;
			package = E2AEB14225BDF43F003BD251 /* XCRemoteSwiftPackageReference "LaunchAtLogin" */;
			productName = LaunchAtLogin;
		};
		E2AEB14925BDF446003BD251 /* Preferences */ = {
			isa = XCSwiftPackageProductDependency;
			package = E2AEB14825BDF446003BD251 /* XCRemoteSwiftPackageReference "Preferences" */;
			productName = Preferences;
		};
/* End XCSwiftPackageProductDependency section */
	};
	rootObject = E2AEB0FF25BDF412003BD251 /* Project object */;
}
