// !$*UTF8*$!
{
	archiveVersion = 1;
	classes = {
	};
	objectVersion = 50;
	objects = {

/* Begin PBXBuildFile section */
		E223E40125B13BC300CB197D /* AppStore.swift in Sources */ = {isa = PBXBuildFile; fileRef = E223E40025B13BC300CB197D /* AppStore.swift */; };
		E223E40925B13C4900CB197D /* ComposeView.swift in Sources */ = {isa = PBXBuildFile; fileRef = E223E40825B13C4900CB197D /* ComposeView.swift */; };
		E223E41125B13E3500CB197D /* RootView.swift in Sources */ = {isa = PBXBuildFile; fileRef = E223E41025B13E3500CB197D /* RootView.swift */; };
		E2296B9D25B26757005A7705 /* Futureland.swift in Sources */ = {isa = PBXBuildFile; fileRef = E2296B9C25B26757005A7705 /* Futureland.swift */; };
		E231EFB425AFA838000ABB43 /* HorizonApp.swift in Sources */ = {isa = PBXBuildFile; fileRef = E231EFB325AFA838000ABB43 /* HorizonApp.swift */; };
		E231EFB625AFA838000ABB43 /* LoginView.swift in Sources */ = {isa = PBXBuildFile; fileRef = E231EFB525AFA838000ABB43 /* LoginView.swift */; };
		E231EFB825AFA838000ABB43 /* Assets.xcassets in Resources */ = {isa = PBXBuildFile; fileRef = E231EFB725AFA838000ABB43 /* Assets.xcassets */; };
		E231EFBB25AFA838000ABB43 /* Preview Assets.xcassets in Resources */ = {isa = PBXBuildFile; fileRef = E231EFBA25AFA838000ABB43 /* Preview Assets.xcassets */; };
		E231EFC725AFA838000ABB43 /* HorizonTests.swift in Sources */ = {isa = PBXBuildFile; fileRef = E231EFC625AFA838000ABB43 /* HorizonTests.swift */; };
		E231EFD225AFA838000ABB43 /* HorizonUITests.swift in Sources */ = {isa = PBXBuildFile; fileRef = E231EFD125AFA838000ABB43 /* HorizonUITests.swift */; };
		E27B6FC225B090A0008AD600 /* AuthUser.swift in Sources */ = {isa = PBXBuildFile; fileRef = E27B6FC125B090A0008AD600 /* AuthUser.swift */; };
		E27B6FCA25B090BF008AD600 /* User.swift in Sources */ = {isa = PBXBuildFile; fileRef = E27B6FC925B090BF008AD600 /* User.swift */; };
		E2FE2B1B25B3474B0057A54E /* Agent.swift in Sources */ = {isa = PBXBuildFile; fileRef = E2FE2B1A25B3474B0057A54E /* Agent.swift */; };
		E2FE2B4B25B4B8E70057A54E /* LoginViewModel.swift in Sources */ = {isa = PBXBuildFile; fileRef = E2FE2B4A25B4B8E70057A54E /* LoginViewModel.swift */; };
		E2FE2B5B25B4C8610057A54E /* ComposeViewModel.swift in Sources */ = {isa = PBXBuildFile; fileRef = E2FE2B5A25B4C8610057A54E /* ComposeViewModel.swift */; };
		E2FE2B6825B4D1150057A54E /* Journal.swift in Sources */ = {isa = PBXBuildFile; fileRef = E2FE2B6725B4D1150057A54E /* Journal.swift */; };
/* End PBXBuildFile section */

/* Begin PBXContainerItemProxy section */
		E231EFC325AFA838000ABB43 /* PBXContainerItemProxy */ = {
			isa = PBXContainerItemProxy;
			containerPortal = E231EFA825AFA838000ABB43 /* Project object */;
			proxyType = 1;
			remoteGlobalIDString = E231EFAF25AFA838000ABB43;
			remoteInfo = Horizon;
		};
		E231EFCE25AFA838000ABB43 /* PBXContainerItemProxy */ = {
			isa = PBXContainerItemProxy;
			containerPortal = E231EFA825AFA838000ABB43 /* Project object */;
			proxyType = 1;
			remoteGlobalIDString = E231EFAF25AFA838000ABB43;
			remoteInfo = Horizon;
		};
/* End PBXContainerItemProxy section */

/* Begin PBXFileReference section */
		E223E40025B13BC300CB197D /* AppStore.swift */ = {isa = PBXFileReference; lastKnownFileType = sourcecode.swift; path = AppStore.swift; sourceTree = "<group>"; };
		E223E40825B13C4900CB197D /* ComposeView.swift */ = {isa = PBXFileReference; lastKnownFileType = sourcecode.swift; path = ComposeView.swift; sourceTree = "<group>"; };
		E223E41025B13E3500CB197D /* RootView.swift */ = {isa = PBXFileReference; lastKnownFileType = sourcecode.swift; path = RootView.swift; sourceTree = "<group>"; };
		E2296B9C25B26757005A7705 /* Futureland.swift */ = {isa = PBXFileReference; lastKnownFileType = sourcecode.swift; path = Futureland.swift; sourceTree = "<group>"; };
		E231EFB025AFA838000ABB43 /* Horizon.app */ = {isa = PBXFileReference; explicitFileType = wrapper.application; includeInIndex = 0; path = Horizon.app; sourceTree = BUILT_PRODUCTS_DIR; };
		E231EFB325AFA838000ABB43 /* HorizonApp.swift */ = {isa = PBXFileReference; lastKnownFileType = sourcecode.swift; path = HorizonApp.swift; sourceTree = "<group>"; };
		E231EFB525AFA838000ABB43 /* LoginView.swift */ = {isa = PBXFileReference; lastKnownFileType = sourcecode.swift; path = LoginView.swift; sourceTree = "<group>"; };
		E231EFB725AFA838000ABB43 /* Assets.xcassets */ = {isa = PBXFileReference; lastKnownFileType = folder.assetcatalog; path = Assets.xcassets; sourceTree = "<group>"; };
		E231EFBA25AFA838000ABB43 /* Preview Assets.xcassets */ = {isa = PBXFileReference; lastKnownFileType = folder.assetcatalog; path = "Preview Assets.xcassets"; sourceTree = "<group>"; };
		E231EFBC25AFA838000ABB43 /* Info.plist */ = {isa = PBXFileReference; lastKnownFileType = text.plist.xml; path = Info.plist; sourceTree = "<group>"; };
		E231EFBD25AFA838000ABB43 /* Horizon.entitlements */ = {isa = PBXFileReference; lastKnownFileType = text.plist.entitlements; path = Horizon.entitlements; sourceTree = "<group>"; };
		E231EFC225AFA838000ABB43 /* HorizonTests.xctest */ = {isa = PBXFileReference; explicitFileType = wrapper.cfbundle; includeInIndex = 0; path = HorizonTests.xctest; sourceTree = BUILT_PRODUCTS_DIR; };
		E231EFC625AFA838000ABB43 /* HorizonTests.swift */ = {isa = PBXFileReference; lastKnownFileType = sourcecode.swift; path = HorizonTests.swift; sourceTree = "<group>"; };
		E231EFC825AFA838000ABB43 /* Info.plist */ = {isa = PBXFileReference; lastKnownFileType = text.plist.xml; path = Info.plist; sourceTree = "<group>"; };
		E231EFCD25AFA838000ABB43 /* HorizonUITests.xctest */ = {isa = PBXFileReference; explicitFileType = wrapper.cfbundle; includeInIndex = 0; path = HorizonUITests.xctest; sourceTree = BUILT_PRODUCTS_DIR; };
		E231EFD125AFA838000ABB43 /* HorizonUITests.swift */ = {isa = PBXFileReference; lastKnownFileType = sourcecode.swift; path = HorizonUITests.swift; sourceTree = "<group>"; };
		E231EFD325AFA838000ABB43 /* Info.plist */ = {isa = PBXFileReference; lastKnownFileType = text.plist.xml; path = Info.plist; sourceTree = "<group>"; };
		E231EFE325AFB8DC000ABB43 /* Alamofire.framework */ = {isa = PBXFileReference; lastKnownFileType = wrapper.framework; name = Alamofire.framework; path = Carthage/Build/Mac/Alamofire.framework; sourceTree = "<group>"; };
		E231EFF725AFBAD2000ABB43 /* Alamofire.framework.dSYM */ = {isa = PBXFileReference; lastKnownFileType = wrapper.dsym; name = Alamofire.framework.dSYM; path = Carthage/Build/Mac/Alamofire.framework.dSYM; sourceTree = "<group>"; };
		E231F00025AFBB7D000ABB43 /* Mac */ = {isa = PBXFileReference; lastKnownFileType = folder; name = Mac; path = Carthage/Build/Mac; sourceTree = "<group>"; };
		E27B6FC125B090A0008AD600 /* AuthUser.swift */ = {isa = PBXFileReference; lastKnownFileType = sourcecode.swift; path = AuthUser.swift; sourceTree = "<group>"; };
		E27B6FC925B090BF008AD600 /* User.swift */ = {isa = PBXFileReference; lastKnownFileType = sourcecode.swift; path = User.swift; sourceTree = "<group>"; };
		E2FE2B1A25B3474B0057A54E /* Agent.swift */ = {isa = PBXFileReference; lastKnownFileType = sourcecode.swift; path = Agent.swift; sourceTree = "<group>"; };
		E2FE2B4A25B4B8E70057A54E /* LoginViewModel.swift */ = {isa = PBXFileReference; lastKnownFileType = sourcecode.swift; path = LoginViewModel.swift; sourceTree = "<group>"; };
		E2FE2B5A25B4C8610057A54E /* ComposeViewModel.swift */ = {isa = PBXFileReference; lastKnownFileType = sourcecode.swift; path = ComposeViewModel.swift; sourceTree = "<group>"; };
		E2FE2B6725B4D1150057A54E /* Journal.swift */ = {isa = PBXFileReference; lastKnownFileType = sourcecode.swift; path = Journal.swift; sourceTree = "<group>"; };
/* End PBXFileReference section */

/* Begin PBXFrameworksBuildPhase section */
		E231EFAD25AFA838000ABB43 /* Frameworks */ = {
			isa = PBXFrameworksBuildPhase;
			buildActionMask = 2147483647;
			files = (
			);
			runOnlyForDeploymentPostprocessing = 0;
		};
		E231EFBF25AFA838000ABB43 /* Frameworks */ = {
			isa = PBXFrameworksBuildPhase;
			buildActionMask = 2147483647;
			files = (
			);
			runOnlyForDeploymentPostprocessing = 0;
		};
		E231EFCA25AFA838000ABB43 /* Frameworks */ = {
			isa = PBXFrameworksBuildPhase;
			buildActionMask = 2147483647;
			files = (
			);
			runOnlyForDeploymentPostprocessing = 0;
		};
/* End PBXFrameworksBuildPhase section */

/* Begin PBXGroup section */
		E223E3FF25B13B9B00CB197D /* Store */ = {
			isa = PBXGroup;
			children = (
				E223E40025B13BC300CB197D /* AppStore.swift */,
			);
			path = Store;
			sourceTree = "<group>";
		};
		E2296B9B25B26741005A7705 /* Networking */ = {
			isa = PBXGroup;
			children = (
				E2296B9C25B26757005A7705 /* Futureland.swift */,
				E2FE2B1A25B3474B0057A54E /* Agent.swift */,
			);
			path = Networking;
			sourceTree = "<group>";
		};
		E231EFA725AFA838000ABB43 = {
			isa = PBXGroup;
			children = (
				E231EFB225AFA838000ABB43 /* Horizon */,
				E231EFC525AFA838000ABB43 /* HorizonTests */,
				E231EFD025AFA838000ABB43 /* HorizonUITests */,
				E231EFB125AFA838000ABB43 /* Products */,
				E231EFE225AFB8DC000ABB43 /* Frameworks */,
			);
			sourceTree = "<group>";
		};
		E231EFB125AFA838000ABB43 /* Products */ = {
			isa = PBXGroup;
			children = (
				E231EFB025AFA838000ABB43 /* Horizon.app */,
				E231EFC225AFA838000ABB43 /* HorizonTests.xctest */,
				E231EFCD25AFA838000ABB43 /* HorizonUITests.xctest */,
			);
			name = Products;
			sourceTree = "<group>";
		};
		E231EFB225AFA838000ABB43 /* Horizon */ = {
			isa = PBXGroup;
			children = (
				E231EFB325AFA838000ABB43 /* HorizonApp.swift */,
				E2296B9B25B26741005A7705 /* Networking */,
				E27B6FC025B09089008AD600 /* Models */,
				E27B6FBC25B0907E008AD600 /* Views */,
				E2FE2B4925B4B8D50057A54E /* ViewModels */,
				E223E3FF25B13B9B00CB197D /* Store */,
				E231EFB725AFA838000ABB43 /* Assets.xcassets */,
				E231EFBC25AFA838000ABB43 /* Info.plist */,
				E231EFBD25AFA838000ABB43 /* Horizon.entitlements */,
				E231EFB925AFA838000ABB43 /* Preview Content */,
			);
			path = Horizon;
			sourceTree = "<group>";
		};
		E231EFB925AFA838000ABB43 /* Preview Content */ = {
			isa = PBXGroup;
			children = (
				E231EFBA25AFA838000ABB43 /* Preview Assets.xcassets */,
			);
			path = "Preview Content";
			sourceTree = "<group>";
		};
		E231EFC525AFA838000ABB43 /* HorizonTests */ = {
			isa = PBXGroup;
			children = (
				E231EFC625AFA838000ABB43 /* HorizonTests.swift */,
				E231EFC825AFA838000ABB43 /* Info.plist */,
			);
			path = HorizonTests;
			sourceTree = "<group>";
		};
		E231EFD025AFA838000ABB43 /* HorizonUITests */ = {
			isa = PBXGroup;
			children = (
				E231EFD125AFA838000ABB43 /* HorizonUITests.swift */,
				E231EFD325AFA838000ABB43 /* Info.plist */,
			);
			path = HorizonUITests;
			sourceTree = "<group>";
		};
		E231EFE225AFB8DC000ABB43 /* Frameworks */ = {
			isa = PBXGroup;
			children = (
				E231F00025AFBB7D000ABB43 /* Mac */,
				E231EFF725AFBAD2000ABB43 /* Alamofire.framework.dSYM */,
				E231EFE325AFB8DC000ABB43 /* Alamofire.framework */,
			);
			name = Frameworks;
			sourceTree = "<group>";
		};
		E27B6FBC25B0907E008AD600 /* Views */ = {
			isa = PBXGroup;
			children = (
				E231EFB525AFA838000ABB43 /* LoginView.swift */,
				E223E40825B13C4900CB197D /* ComposeView.swift */,
				E223E41025B13E3500CB197D /* RootView.swift */,
			);
			path = Views;
			sourceTree = "<group>";
		};
		E27B6FC025B09089008AD600 /* Models */ = {
			isa = PBXGroup;
			children = (
				E27B6FC125B090A0008AD600 /* AuthUser.swift */,
				E27B6FC925B090BF008AD600 /* User.swift */,
				E2FE2B6725B4D1150057A54E /* Journal.swift */,
			);
			path = Models;
			sourceTree = "<group>";
		};
		E2FE2B4925B4B8D50057A54E /* ViewModels */ = {
			isa = PBXGroup;
			children = (
				E2FE2B4A25B4B8E70057A54E /* LoginViewModel.swift */,
				E2FE2B5A25B4C8610057A54E /* ComposeViewModel.swift */,
			);
			path = ViewModels;
			sourceTree = "<group>";
		};
/* End PBXGroup section */

/* Begin PBXNativeTarget section */
		E231EFAF25AFA838000ABB43 /* Horizon */ = {
			isa = PBXNativeTarget;
			buildConfigurationList = E231EFD625AFA838000ABB43 /* Build configuration list for PBXNativeTarget "Horizon" */;
			buildPhases = (
				E231EFAC25AFA838000ABB43 /* Sources */,
				E231EFAD25AFA838000ABB43 /* Frameworks */,
				E231EFAE25AFA838000ABB43 /* Resources */,
			);
			buildRules = (
			);
			dependencies = (
			);
			name = Horizon;
			productName = Horizon;
			productReference = E231EFB025AFA838000ABB43 /* Horizon.app */;
			productType = "com.apple.product-type.application";
		};
		E231EFC125AFA838000ABB43 /* HorizonTests */ = {
			isa = PBXNativeTarget;
			buildConfigurationList = E231EFD925AFA838000ABB43 /* Build configuration list for PBXNativeTarget "HorizonTests" */;
			buildPhases = (
				E231EFBE25AFA838000ABB43 /* Sources */,
				E231EFBF25AFA838000ABB43 /* Frameworks */,
				E231EFC025AFA838000ABB43 /* Resources */,
			);
			buildRules = (
			);
			dependencies = (
				E231EFC425AFA838000ABB43 /* PBXTargetDependency */,
			);
			name = HorizonTests;
			productName = HorizonTests;
			productReference = E231EFC225AFA838000ABB43 /* HorizonTests.xctest */;
			productType = "com.apple.product-type.bundle.unit-test";
		};
		E231EFCC25AFA838000ABB43 /* HorizonUITests */ = {
			isa = PBXNativeTarget;
			buildConfigurationList = E231EFDC25AFA838000ABB43 /* Build configuration list for PBXNativeTarget "HorizonUITests" */;
			buildPhases = (
				E231EFC925AFA838000ABB43 /* Sources */,
				E231EFCA25AFA838000ABB43 /* Frameworks */,
				E231EFCB25AFA838000ABB43 /* Resources */,
			);
			buildRules = (
			);
			dependencies = (
				E231EFCF25AFA838000ABB43 /* PBXTargetDependency */,
			);
			name = HorizonUITests;
			productName = HorizonUITests;
			productReference = E231EFCD25AFA838000ABB43 /* HorizonUITests.xctest */;
			productType = "com.apple.product-type.bundle.ui-testing";
		};
/* End PBXNativeTarget section */

/* Begin PBXProject section */
		E231EFA825AFA838000ABB43 /* Project object */ = {
			isa = PBXProject;
			attributes = {
				LastSwiftUpdateCheck = 1230;
				LastUpgradeCheck = 1230;
				TargetAttributes = {
					E231EFAF25AFA838000ABB43 = {
						CreatedOnToolsVersion = 12.3;
					};
					E231EFC125AFA838000ABB43 = {
						CreatedOnToolsVersion = 12.3;
						TestTargetID = E231EFAF25AFA838000ABB43;
					};
					E231EFCC25AFA838000ABB43 = {
						CreatedOnToolsVersion = 12.3;
						TestTargetID = E231EFAF25AFA838000ABB43;
					};
				};
			};
			buildConfigurationList = E231EFAB25AFA838000ABB43 /* Build configuration list for PBXProject "Horizon" */;
			compatibilityVersion = "Xcode 9.3";
			developmentRegion = en;
			hasScannedForEncodings = 0;
			knownRegions = (
				en,
				Base,
			);
			mainGroup = E231EFA725AFA838000ABB43;
			productRefGroup = E231EFB125AFA838000ABB43 /* Products */;
			projectDirPath = "";
			projectRoot = "";
			targets = (
				E231EFAF25AFA838000ABB43 /* Horizon */,
				E231EFC125AFA838000ABB43 /* HorizonTests */,
				E231EFCC25AFA838000ABB43 /* HorizonUITests */,
			);
		};
/* End PBXProject section */

/* Begin PBXResourcesBuildPhase section */
		E231EFAE25AFA838000ABB43 /* Resources */ = {
			isa = PBXResourcesBuildPhase;
			buildActionMask = 2147483647;
			files = (
				E231EFBB25AFA838000ABB43 /* Preview Assets.xcassets in Resources */,
				E231EFB825AFA838000ABB43 /* Assets.xcassets in Resources */,
			);
			runOnlyForDeploymentPostprocessing = 0;
		};
		E231EFC025AFA838000ABB43 /* Resources */ = {
			isa = PBXResourcesBuildPhase;
			buildActionMask = 2147483647;
			files = (
			);
			runOnlyForDeploymentPostprocessing = 0;
		};
		E231EFCB25AFA838000ABB43 /* Resources */ = {
			isa = PBXResourcesBuildPhase;
			buildActionMask = 2147483647;
			files = (
			);
			runOnlyForDeploymentPostprocessing = 0;
		};
/* End PBXResourcesBuildPhase section */

/* Begin PBXSourcesBuildPhase section */
		E231EFAC25AFA838000ABB43 /* Sources */ = {
			isa = PBXSourcesBuildPhase;
			buildActionMask = 2147483647;
			files = (
				E223E40125B13BC300CB197D /* AppStore.swift in Sources */,
				E27B6FCA25B090BF008AD600 /* User.swift in Sources */,
				E231EFB625AFA838000ABB43 /* LoginView.swift in Sources */,
				E2FE2B1B25B3474B0057A54E /* Agent.swift in Sources */,
				E2FE2B5B25B4C8610057A54E /* ComposeViewModel.swift in Sources */,
				E223E40925B13C4900CB197D /* ComposeView.swift in Sources */,
				E223E41125B13E3500CB197D /* RootView.swift in Sources */,
				E2296B9D25B26757005A7705 /* Futureland.swift in Sources */,
				E27B6FC225B090A0008AD600 /* AuthUser.swift in Sources */,
				E2FE2B4B25B4B8E70057A54E /* LoginViewModel.swift in Sources */,
				E231EFB425AFA838000ABB43 /* HorizonApp.swift in Sources */,
				E2FE2B6825B4D1150057A54E /* Journal.swift in Sources */,
			);
			runOnlyForDeploymentPostprocessing = 0;
		};
		E231EFBE25AFA838000ABB43 /* Sources */ = {
			isa = PBXSourcesBuildPhase;
			buildActionMask = 2147483647;
			files = (
				E231EFC725AFA838000ABB43 /* HorizonTests.swift in Sources */,
			);
			runOnlyForDeploymentPostprocessing = 0;
		};
		E231EFC925AFA838000ABB43 /* Sources */ = {
			isa = PBXSourcesBuildPhase;
			buildActionMask = 2147483647;
			files = (
				E231EFD225AFA838000ABB43 /* HorizonUITests.swift in Sources */,
			);
			runOnlyForDeploymentPostprocessing = 0;
		};
/* End PBXSourcesBuildPhase section */

/* Begin PBXTargetDependency section */
		E231EFC425AFA838000ABB43 /* PBXTargetDependency */ = {
			isa = PBXTargetDependency;
			target = E231EFAF25AFA838000ABB43 /* Horizon */;
			targetProxy = E231EFC325AFA838000ABB43 /* PBXContainerItemProxy */;
		};
		E231EFCF25AFA838000ABB43 /* PBXTargetDependency */ = {
			isa = PBXTargetDependency;
			target = E231EFAF25AFA838000ABB43 /* Horizon */;
			targetProxy = E231EFCE25AFA838000ABB43 /* PBXContainerItemProxy */;
		};
/* End PBXTargetDependency section */

/* Begin XCBuildConfiguration section */
		E231EFD425AFA838000ABB43 /* Debug */ = {
			isa = XCBuildConfiguration;
			buildSettings = {
				ALWAYS_SEARCH_USER_PATHS = NO;
				CLANG_ANALYZER_NONNULL = YES;
				CLANG_ANALYZER_NUMBER_OBJECT_CONVERSION = YES_AGGRESSIVE;
				CLANG_CXX_LANGUAGE_STANDARD = "gnu++14";
				CLANG_CXX_LIBRARY = "libc++";
				CLANG_ENABLE_MODULES = YES;
				CLANG_ENABLE_OBJC_ARC = YES;
				CLANG_ENABLE_OBJC_WEAK = YES;
				CLANG_WARN_BLOCK_CAPTURE_AUTORELEASING = YES;
				CLANG_WARN_BOOL_CONVERSION = YES;
				CLANG_WARN_COMMA = YES;
				CLANG_WARN_CONSTANT_CONVERSION = YES;
				CLANG_WARN_DEPRECATED_OBJC_IMPLEMENTATIONS = YES;
				CLANG_WARN_DIRECT_OBJC_ISA_USAGE = YES_ERROR;
				CLANG_WARN_DOCUMENTATION_COMMENTS = YES;
				CLANG_WARN_EMPTY_BODY = YES;
				CLANG_WARN_ENUM_CONVERSION = YES;
				CLANG_WARN_INFINITE_RECURSION = YES;
				CLANG_WARN_INT_CONVERSION = YES;
				CLANG_WARN_NON_LITERAL_NULL_CONVERSION = YES;
				CLANG_WARN_OBJC_IMPLICIT_RETAIN_SELF = YES;
				CLANG_WARN_OBJC_LITERAL_CONVERSION = YES;
				CLANG_WARN_OBJC_ROOT_CLASS = YES_ERROR;
				CLANG_WARN_QUOTED_INCLUDE_IN_FRAMEWORK_HEADER = YES;
				CLANG_WARN_RANGE_LOOP_ANALYSIS = YES;
				CLANG_WARN_STRICT_PROTOTYPES = YES;
				CLANG_WARN_SUSPICIOUS_MOVE = YES;
				CLANG_WARN_UNGUARDED_AVAILABILITY = YES_AGGRESSIVE;
				CLANG_WARN_UNREACHABLE_CODE = YES;
				CLANG_WARN__DUPLICATE_METHOD_MATCH = YES;
				COPY_PHASE_STRIP = NO;
				DEBUG_INFORMATION_FORMAT = dwarf;
				ENABLE_STRICT_OBJC_MSGSEND = YES;
				ENABLE_TESTABILITY = YES;
				GCC_C_LANGUAGE_STANDARD = gnu11;
				GCC_DYNAMIC_NO_PIC = NO;
				GCC_NO_COMMON_BLOCKS = YES;
				GCC_OPTIMIZATION_LEVEL = 0;
				GCC_PREPROCESSOR_DEFINITIONS = (
					"DEBUG=1",
					"$(inherited)",
				);
				GCC_WARN_64_TO_32_BIT_CONVERSION = YES;
				GCC_WARN_ABOUT_RETURN_TYPE = YES_ERROR;
				GCC_WARN_UNDECLARED_SELECTOR = YES;
				GCC_WARN_UNINITIALIZED_AUTOS = YES_AGGRESSIVE;
				GCC_WARN_UNUSED_FUNCTION = YES;
				GCC_WARN_UNUSED_VARIABLE = YES;
				MACOSX_DEPLOYMENT_TARGET = 11.0;
				MTL_ENABLE_DEBUG_INFO = INCLUDE_SOURCE;
				MTL_FAST_MATH = YES;
				ONLY_ACTIVE_ARCH = YES;
				SDKROOT = macosx;
				SWIFT_ACTIVE_COMPILATION_CONDITIONS = DEBUG;
				SWIFT_OPTIMIZATION_LEVEL = "-Onone";
			};
			name = Debug;
		};
		E231EFD525AFA838000ABB43 /* Release */ = {
			isa = XCBuildConfiguration;
			buildSettings = {
				ALWAYS_SEARCH_USER_PATHS = NO;
				CLANG_ANALYZER_NONNULL = YES;
				CLANG_ANALYZER_NUMBER_OBJECT_CONVERSION = YES_AGGRESSIVE;
				CLANG_CXX_LANGUAGE_STANDARD = "gnu++14";
				CLANG_CXX_LIBRARY = "libc++";
				CLANG_ENABLE_MODULES = YES;
				CLANG_ENABLE_OBJC_ARC = YES;
				CLANG_ENABLE_OBJC_WEAK = YES;
				CLANG_WARN_BLOCK_CAPTURE_AUTORELEASING = YES;
				CLANG_WARN_BOOL_CONVERSION = YES;
				CLANG_WARN_COMMA = YES;
				CLANG_WARN_CONSTANT_CONVERSION = YES;
				CLANG_WARN_DEPRECATED_OBJC_IMPLEMENTATIONS = YES;
				CLANG_WARN_DIRECT_OBJC_ISA_USAGE = YES_ERROR;
				CLANG_WARN_DOCUMENTATION_COMMENTS = YES;
				CLANG_WARN_EMPTY_BODY = YES;
				CLANG_WARN_ENUM_CONVERSION = YES;
				CLANG_WARN_INFINITE_RECURSION = YES;
				CLANG_WARN_INT_CONVERSION = YES;
				CLANG_WARN_NON_LITERAL_NULL_CONVERSION = YES;
				CLANG_WARN_OBJC_IMPLICIT_RETAIN_SELF = YES;
				CLANG_WARN_OBJC_LITERAL_CONVERSION = YES;
				CLANG_WARN_OBJC_ROOT_CLASS = YES_ERROR;
				CLANG_WARN_QUOTED_INCLUDE_IN_FRAMEWORK_HEADER = YES;
				CLANG_WARN_RANGE_LOOP_ANALYSIS = YES;
				CLANG_WARN_STRICT_PROTOTYPES = YES;
				CLANG_WARN_SUSPICIOUS_MOVE = YES;
				CLANG_WARN_UNGUARDED_AVAILABILITY = YES_AGGRESSIVE;
				CLANG_WARN_UNREACHABLE_CODE = YES;
				CLANG_WARN__DUPLICATE_METHOD_MATCH = YES;
				COPY_PHASE_STRIP = NO;
				DEBUG_INFORMATION_FORMAT = "dwarf-with-dsym";
				ENABLE_NS_ASSERTIONS = NO;
				ENABLE_STRICT_OBJC_MSGSEND = YES;
				GCC_C_LANGUAGE_STANDARD = gnu11;
				GCC_NO_COMMON_BLOCKS = YES;
				GCC_WARN_64_TO_32_BIT_CONVERSION = YES;
				GCC_WARN_ABOUT_RETURN_TYPE = YES_ERROR;
				GCC_WARN_UNDECLARED_SELECTOR = YES;
				GCC_WARN_UNINITIALIZED_AUTOS = YES_AGGRESSIVE;
				GCC_WARN_UNUSED_FUNCTION = YES;
				GCC_WARN_UNUSED_VARIABLE = YES;
				MACOSX_DEPLOYMENT_TARGET = 11.0;
				MTL_ENABLE_DEBUG_INFO = NO;
				MTL_FAST_MATH = YES;
				SDKROOT = macosx;
				SWIFT_COMPILATION_MODE = wholemodule;
				SWIFT_OPTIMIZATION_LEVEL = "-O";
			};
			name = Release;
		};
		E231EFD725AFA838000ABB43 /* Debug */ = {
			isa = XCBuildConfiguration;
			buildSettings = {
				ASSETCATALOG_COMPILER_APPICON_NAME = AppIcon;
				ASSETCATALOG_COMPILER_GLOBAL_ACCENT_COLOR_NAME = AccentColor;
				CODE_SIGN_ENTITLEMENTS = Horizon/Horizon.entitlements;
				CODE_SIGN_STYLE = Automatic;
				COMBINE_HIDPI_IMAGES = YES;
				DEVELOPMENT_ASSET_PATHS = "\"Horizon/Preview Content\"";
				DEVELOPMENT_TEAM = LCFAPK739L;
				ENABLE_HARDENED_RUNTIME = YES;
				ENABLE_PREVIEWS = YES;
				FRAMEWORK_SEARCH_PATHS = "$(inherited)";
				INFOPLIST_FILE = Horizon/Info.plist;
				LD_RUNPATH_SEARCH_PATHS = (
					"$(inherited)",
					"@executable_path/../Frameworks",
				);
				MACOSX_DEPLOYMENT_TARGET = 11.0;
				PRODUCT_BUNDLE_IDENTIFIER = co.meagher.Horizon;
				PRODUCT_NAME = "$(TARGET_NAME)";
				SWIFT_VERSION = 5.0;
			};
			name = Debug;
		};
		E231EFD825AFA838000ABB43 /* Release */ = {
			isa = XCBuildConfiguration;
			buildSettings = {
				ASSETCATALOG_COMPILER_APPICON_NAME = AppIcon;
				ASSETCATALOG_COMPILER_GLOBAL_ACCENT_COLOR_NAME = AccentColor;
				CODE_SIGN_ENTITLEMENTS = Horizon/Horizon.entitlements;
				CODE_SIGN_STYLE = Automatic;
				COMBINE_HIDPI_IMAGES = YES;
				DEVELOPMENT_ASSET_PATHS = "\"Horizon/Preview Content\"";
				DEVELOPMENT_TEAM = LCFAPK739L;
				ENABLE_HARDENED_RUNTIME = YES;
				ENABLE_PREVIEWS = YES;
				FRAMEWORK_SEARCH_PATHS = "$(inherited)";
				INFOPLIST_FILE = Horizon/Info.plist;
				LD_RUNPATH_SEARCH_PATHS = (
					"$(inherited)",
					"@executable_path/../Frameworks",
				);
				MACOSX_DEPLOYMENT_TARGET = 11.0;
				PRODUCT_BUNDLE_IDENTIFIER = co.meagher.Horizon;
				PRODUCT_NAME = "$(TARGET_NAME)";
				SWIFT_VERSION = 5.0;
			};
			name = Release;
		};
		E231EFDA25AFA838000ABB43 /* Debug */ = {
			isa = XCBuildConfiguration;
			buildSettings = {
				ALWAYS_EMBED_SWIFT_STANDARD_LIBRARIES = YES;
				BUNDLE_LOADER = "$(TEST_HOST)";
				CODE_SIGN_STYLE = Automatic;
				COMBINE_HIDPI_IMAGES = YES;
				DEVELOPMENT_TEAM = LCFAPK739L;
				INFOPLIST_FILE = HorizonTests/Info.plist;
				LD_RUNPATH_SEARCH_PATHS = (
					"$(inherited)",
					"@executable_path/../Frameworks",
					"@loader_path/../Frameworks",
				);
				MACOSX_DEPLOYMENT_TARGET = 11.0;
				PRODUCT_BUNDLE_IDENTIFIER = co.meagher.HorizonTests;
				PRODUCT_NAME = "$(TARGET_NAME)";
				SWIFT_VERSION = 5.0;
				TEST_HOST = "$(BUILT_PRODUCTS_DIR)/Horizon.app/Contents/MacOS/Horizon";
			};
			name = Debug;
		};
		E231EFDB25AFA838000ABB43 /* Release */ = {
			isa = XCBuildConfiguration;
			buildSettings = {
				ALWAYS_EMBED_SWIFT_STANDARD_LIBRARIES = YES;
				BUNDLE_LOADER = "$(TEST_HOST)";
				CODE_SIGN_STYLE = Automatic;
				COMBINE_HIDPI_IMAGES = YES;
				DEVELOPMENT_TEAM = LCFAPK739L;
				INFOPLIST_FILE = HorizonTests/Info.plist;
				LD_RUNPATH_SEARCH_PATHS = (
					"$(inherited)",
					"@executable_path/../Frameworks",
					"@loader_path/../Frameworks",
				);
				MACOSX_DEPLOYMENT_TARGET = 11.0;
				PRODUCT_BUNDLE_IDENTIFIER = co.meagher.HorizonTests;
				PRODUCT_NAME = "$(TARGET_NAME)";
				SWIFT_VERSION = 5.0;
				TEST_HOST = "$(BUILT_PRODUCTS_DIR)/Horizon.app/Contents/MacOS/Horizon";
			};
			name = Release;
		};
		E231EFDD25AFA838000ABB43 /* Debug */ = {
			isa = XCBuildConfiguration;
			buildSettings = {
				ALWAYS_EMBED_SWIFT_STANDARD_LIBRARIES = YES;
				CODE_SIGN_STYLE = Automatic;
				COMBINE_HIDPI_IMAGES = YES;
				DEVELOPMENT_TEAM = LCFAPK739L;
				INFOPLIST_FILE = HorizonUITests/Info.plist;
				LD_RUNPATH_SEARCH_PATHS = (
					"$(inherited)",
					"@executable_path/../Frameworks",
					"@loader_path/../Frameworks",
				);
				PRODUCT_BUNDLE_IDENTIFIER = co.meagher.HorizonUITests;
				PRODUCT_NAME = "$(TARGET_NAME)";
				SWIFT_VERSION = 5.0;
				TEST_TARGET_NAME = Horizon;
			};
			name = Debug;
		};
		E231EFDE25AFA838000ABB43 /* Release */ = {
			isa = XCBuildConfiguration;
			buildSettings = {
				ALWAYS_EMBED_SWIFT_STANDARD_LIBRARIES = YES;
				CODE_SIGN_STYLE = Automatic;
				COMBINE_HIDPI_IMAGES = YES;
				DEVELOPMENT_TEAM = LCFAPK739L;
				INFOPLIST_FILE = HorizonUITests/Info.plist;
				LD_RUNPATH_SEARCH_PATHS = (
					"$(inherited)",
					"@executable_path/../Frameworks",
					"@loader_path/../Frameworks",
				);
				PRODUCT_BUNDLE_IDENTIFIER = co.meagher.HorizonUITests;
				PRODUCT_NAME = "$(TARGET_NAME)";
				SWIFT_VERSION = 5.0;
				TEST_TARGET_NAME = Horizon;
			};
			name = Release;
		};
/* End XCBuildConfiguration section */

/* Begin XCConfigurationList section */
		E231EFAB25AFA838000ABB43 /* Build configuration list for PBXProject "Horizon" */ = {
			isa = XCConfigurationList;
			buildConfigurations = (
				E231EFD425AFA838000ABB43 /* Debug */,
				E231EFD525AFA838000ABB43 /* Release */,
			);
			defaultConfigurationIsVisible = 0;
			defaultConfigurationName = Release;
		};
		E231EFD625AFA838000ABB43 /* Build configuration list for PBXNativeTarget "Horizon" */ = {
			isa = XCConfigurationList;
			buildConfigurations = (
				E231EFD725AFA838000ABB43 /* Debug */,
				E231EFD825AFA838000ABB43 /* Release */,
			);
			defaultConfigurationIsVisible = 0;
			defaultConfigurationName = Release;
		};
		E231EFD925AFA838000ABB43 /* Build configuration list for PBXNativeTarget "HorizonTests" */ = {
			isa = XCConfigurationList;
			buildConfigurations = (
				E231EFDA25AFA838000ABB43 /* Debug */,
				E231EFDB25AFA838000ABB43 /* Release */,
			);
			defaultConfigurationIsVisible = 0;
			defaultConfigurationName = Release;
		};
		E231EFDC25AFA838000ABB43 /* Build configuration list for PBXNativeTarget "HorizonUITests" */ = {
			isa = XCConfigurationList;
			buildConfigurations = (
				E231EFDD25AFA838000ABB43 /* Debug */,
				E231EFDE25AFA838000ABB43 /* Release */,
			);
			defaultConfigurationIsVisible = 0;
			defaultConfigurationName = Release;
		};
/* End XCConfigurationList section */
	};
	rootObject = E231EFA825AFA838000ABB43 /* Project object */;
}
